
Microsoft Visual Studio Solution File, Format Version 12.00
# Visual Studio Version 16
VisualStudioVersion = 16.0.30114.105
MinimumVisualStudioVersion = 10.0.40219.1
Project("{9A19103F-16F7-4668-BE54-9A1E7A4F7556}") = "DataRepository", "DataRepository\DataRepository.csproj", "{615E276E-8D82-425B-BA1A-E266338C5B9C}"
EndProject
Project("{9A19103F-16F7-4668-BE54-9A1E7A4F7556}") = "DomainModels", "DomainModels\DomainModels.csproj", "{C1E4D1BF-5E73-4798-BE57-918E99533E37}"
EndProject
Project("{9A19103F-16F7-4668-BE54-9A1E7A4F7556}") = "InternalServices", "InternalServices\InternalServices.csproj", "{EEDDB003-EBAD-4C35-88B3-6A6D973F55C8}"
EndProject
Project("{9A19103F-16F7-4668-BE54-9A1E7A4F7556}") = "Api", "Api\Api.csproj", "{1D90F75A-94FB-4B4B-977B-73C107F6717D}"
EndProject
Project("{00D1A9C2-B5F0-4AF3-8072-F6C62B433612}") = "Database", "Database\Database.sqlproj", "{11F5586E-AAB9-4D07-AB57-F40521D96226}"
EndProject
Project("{FAE04EC0-301F-11D3-BF4B-00C04F79EFBC}") = "ReactFrontEnd", "ReactFrontEnd\ReactFrontEnd.csproj", "{F8013C3F-DFA8-4220-B02C-D11A71A321FF}"
EndProject
Global
	GlobalSection(SolutionConfigurationPlatforms) = preSolution
		Debug|Any CPU = Debug|Any CPU
		Release|Any CPU = Release|Any CPU
	EndGlobalSection
	GlobalSection(ProjectConfigurationPlatforms) = postSolution
		{615E276E-8D82-425B-BA1A-E266338C5B9C}.Debug|Any CPU.ActiveCfg = Debug|Any CPU
		{615E276E-8D82-425B-BA1A-E266338C5B9C}.Debug|Any CPU.Build.0 = Debug|Any CPU
		{615E276E-8D82-425B-BA1A-E266338C5B9C}.Release|Any CPU.ActiveCfg = Release|Any CPU
		{615E276E-8D82-425B-BA1A-E266338C5B9C}.Release|Any CPU.Build.0 = Release|Any CPU
		{C1E4D1BF-5E73-4798-BE57-918E99533E37}.Debug|Any CPU.ActiveCfg = Debug|Any CPU
		{C1E4D1BF-5E73-4798-BE57-918E99533E37}.Debug|Any CPU.Build.0 = Debug|Any CPU
		{C1E4D1BF-5E73-4798-BE57-918E99533E37}.Release|Any CPU.ActiveCfg = Release|Any CPU
		{C1E4D1BF-5E73-4798-BE57-918E99533E37}.Release|Any CPU.Build.0 = Release|Any CPU
		{EEDDB003-EBAD-4C35-88B3-6A6D973F55C8}.Debug|Any CPU.ActiveCfg = Debug|Any CPU
		{EEDDB003-EBAD-4C35-88B3-6A6D973F55C8}.Debug|Any CPU.Build.0 = Debug|Any CPU
		{EEDDB003-EBAD-4C35-88B3-6A6D973F55C8}.Release|Any CPU.ActiveCfg = Release|Any CPU
		{EEDDB003-EBAD-4C35-88B3-6A6D973F55C8}.Release|Any CPU.Build.0 = Release|Any CPU
		{1D90F75A-94FB-4B4B-977B-73C107F6717D}.Debug|Any CPU.ActiveCfg = Debug|Any CPU
		{1D90F75A-94FB-4B4B-977B-73C107F6717D}.Debug|Any CPU.Build.0 = Debug|Any CPU
		{1D90F75A-94FB-4B4B-977B-73C107F6717D}.Release|Any CPU.ActiveCfg = Release|Any CPU
		{1D90F75A-94FB-4B4B-977B-73C107F6717D}.Release|Any CPU.Build.0 = Release|Any CPU
		{11F5586E-AAB9-4D07-AB57-F40521D96226}.Debug|Any CPU.ActiveCfg = Debug|Any CPU
		{11F5586E-AAB9-4D07-AB57-F40521D96226}.Debug|Any CPU.Build.0 = Debug|Any CPU
		{11F5586E-AAB9-4D07-AB57-F40521D96226}.Debug|Any CPU.Deploy.0 = Debug|Any CPU
		{11F5586E-AAB9-4D07-AB57-F40521D96226}.Release|Any CPU.ActiveCfg = Release|Any CPU
		{11F5586E-AAB9-4D07-AB57-F40521D96226}.Release|Any CPU.Build.0 = Release|Any CPU
		{11F5586E-AAB9-4D07-AB57-F40521D96226}.Release|Any CPU.Deploy.0 = Release|Any CPU
		{F8013C3F-DFA8-4220-B02C-D11A71A321FF}.Debug|Any CPU.ActiveCfg = Debug|Any CPU
		{F8013C3F-DFA8-4220-B02C-D11A71A321FF}.Debug|Any CPU.Build.0 = Debug|Any CPU
		{F8013C3F-DFA8-4220-B02C-D11A71A321FF}.Release|Any CPU.ActiveCfg = Release|Any CPU
		{F8013C3F-DFA8-4220-B02C-D11A71A321FF}.Release|Any CPU.Build.0 = Release|Any CPU
	EndGlobalSection
	GlobalSection(SolutionProperties) = preSolution
		HideSolutionNode = FALSE
	EndGlobalSection
	GlobalSection(ExtensibilityGlobals) = postSolution
		SolutionGuid = {6140EB29-2FC6-4230-9098-127222F0D38C}
	EndGlobalSection
EndGlobal
